// !$*UTF8*$!
{
	archiveVersion = 1;
	classes = {
	};
	objectVersion = 50;
	objects = {

/* Begin PBXBuildFile section */
		E2DBE3EA2652A47F008A71EB /* AppDelegate.swift in Sources */ = {isa = PBXBuildFile; fileRef = E2DBE3E92652A47F008A71EB /* AppDelegate.swift */; };
		E2DBE3EC2652A47F008A71EB /* SceneDelegate.swift in Sources */ = {isa = PBXBuildFile; fileRef = E2DBE3EB2652A47F008A71EB /* SceneDelegate.swift */; };
		E2DBE3EE2652A47F008A71EB /* ViewController.swift in Sources */ = {isa = PBXBuildFile; fileRef = E2DBE3ED2652A47F008A71EB /* ViewController.swift */; };
		E2DBE3F12652A47F008A71EB /* Main.storyboard in Resources */ = {isa = PBXBuildFile; fileRef = E2DBE3EF2652A47F008A71EB /* Main.storyboard */; };
		E2DBE3F32652A483008A71EB /* Assets.xcassets in Resources */ = {isa = PBXBuildFile; fileRef = E2DBE3F22652A483008A71EB /* Assets.xcassets */; };
		E2DBE3F62652A483008A71EB /* LaunchScreen.storyboard in Resources */ = {isa = PBXBuildFile; fileRef = E2DBE3F42652A483008A71EB /* LaunchScreen.storyboard */; };
		E2DBE3FE2652A60E008A71EB /* DishesViewController.swift in Sources */ = {isa = PBXBuildFile; fileRef = E2DBE3FD2652A60E008A71EB /* DishesViewController.swift */; };
		E2DBE4002652A666008A71EB /* ProfileViewController.swift in Sources */ = {isa = PBXBuildFile; fileRef = E2DBE3FF2652A666008A71EB /* ProfileViewController.swift */; };
		E2DBE4022652A7A2008A71EB /* User.swift in Sources */ = {isa = PBXBuildFile; fileRef = E2DBE4012652A7A2008A71EB /* User.swift */; };
		E2DBE4042652A9AC008A71EB /* DataStore.swift in Sources */ = {isa = PBXBuildFile; fileRef = E2DBE4032652A9AC008A71EB /* DataStore.swift */; };
		E2DBE4062652AB1A008A71EB /* UserFormViewController.swift in Sources */ = {isa = PBXBuildFile; fileRef = E2DBE4052652AB1A008A71EB /* UserFormViewController.swift */; };
		E2DBE40C2652ACAB008A71EB /* FormCell.swift in Sources */ = {isa = PBXBuildFile; fileRef = E2DBE40A2652ACAB008A71EB /* FormCell.swift */; };
		E2DBE40D2652ACAB008A71EB /* FormCell.xib in Resources */ = {isa = PBXBuildFile; fileRef = E2DBE40B2652ACAB008A71EB /* FormCell.xib */; };
		E2DBE4102652AD3F008A71EB /* FormTwoCell.swift in Sources */ = {isa = PBXBuildFile; fileRef = E2DBE40E2652AD3F008A71EB /* FormTwoCell.swift */; };
		E2DBE4112652AD40008A71EB /* FormTwoCell.xib in Resources */ = {isa = PBXBuildFile; fileRef = E2DBE40F2652AD3F008A71EB /* FormTwoCell.xib */; };
		E2DBE4132652AEA3008A71EB /* Helper.swift in Sources */ = {isa = PBXBuildFile; fileRef = E2DBE4122652AEA3008A71EB /* Helper.swift */; };
/* End PBXBuildFile section */

/* Begin PBXFileReference section */
		E2DBE3E62652A47F008A71EB /* MyWeight.app */ = {isa = PBXFileReference; explicitFileType = wrapper.application; includeInIndex = 0; path = MyWeight.app; sourceTree = BUILT_PRODUCTS_DIR; };
		E2DBE3E92652A47F008A71EB /* AppDelegate.swift */ = {isa = PBXFileReference; lastKnownFileType = sourcecode.swift; path = AppDelegate.swift; sourceTree = "<group>"; };
		E2DBE3EB2652A47F008A71EB /* SceneDelegate.swift */ = {isa = PBXFileReference; lastKnownFileType = sourcecode.swift; path = SceneDelegate.swift; sourceTree = "<group>"; };
		E2DBE3ED2652A47F008A71EB /* ViewController.swift */ = {isa = PBXFileReference; lastKnownFileType = sourcecode.swift; path = ViewController.swift; sourceTree = "<group>"; };
		E2DBE3F02652A47F008A71EB /* Base */ = {isa = PBXFileReference; lastKnownFileType = file.storyboard; name = Base; path = Base.lproj/Main.storyboard; sourceTree = "<group>"; };
		E2DBE3F22652A483008A71EB /* Assets.xcassets */ = {isa = PBXFileReference; lastKnownFileType = folder.assetcatalog; path = Assets.xcassets; sourceTree = "<group>"; };
		E2DBE3F52652A483008A71EB /* Base */ = {isa = PBXFileReference; lastKnownFileType = file.storyboard; name = Base; path = Base.lproj/LaunchScreen.storyboard; sourceTree = "<group>"; };
		E2DBE3F72652A483008A71EB /* Info.plist */ = {isa = PBXFileReference; lastKnownFileType = text.plist.xml; path = Info.plist; sourceTree = "<group>"; };
		E2DBE3FD2652A60E008A71EB /* DishesViewController.swift */ = {isa = PBXFileReference; lastKnownFileType = sourcecode.swift; path = DishesViewController.swift; sourceTree = "<group>"; };
		E2DBE3FF2652A666008A71EB /* ProfileViewController.swift */ = {isa = PBXFileReference; lastKnownFileType = sourcecode.swift; path = ProfileViewController.swift; sourceTree = "<group>"; };
		E2DBE4012652A7A2008A71EB /* User.swift */ = {isa = PBXFileReference; lastKnownFileType = sourcecode.swift; path = User.swift; sourceTree = "<group>"; };
		E2DBE4032652A9AC008A71EB /* DataStore.swift */ = {isa = PBXFileReference; lastKnownFileType = sourcecode.swift; path = DataStore.swift; sourceTree = "<group>"; };
		E2DBE4052652AB1A008A71EB /* UserFormViewController.swift */ = {isa = PBXFileReference; lastKnownFileType = sourcecode.swift; path = UserFormViewController.swift; sourceTree = "<group>"; };
		E2DBE40A2652ACAB008A71EB /* FormCell.swift */ = {isa = PBXFileReference; lastKnownFileType = sourcecode.swift; path = FormCell.swift; sourceTree = "<group>"; };
		E2DBE40B2652ACAB008A71EB /* FormCell.xib */ = {isa = PBXFileReference; lastKnownFileType = file.xib; path = FormCell.xib; sourceTree = "<group>"; };
		E2DBE40E2652AD3F008A71EB /* FormTwoCell.swift */ = {isa = PBXFileReference; lastKnownFileType = sourcecode.swift; path = FormTwoCell.swift; sourceTree = "<group>"; };
		E2DBE40F2652AD3F008A71EB /* FormTwoCell.xib */ = {isa = PBXFileReference; lastKnownFileType = file.xib; path = FormTwoCell.xib; sourceTree = "<group>"; };
		E2DBE4122652AEA3008A71EB /* Helper.swift */ = {isa = PBXFileReference; lastKnownFileType = sourcecode.swift; path = Helper.swift; sourceTree = "<group>"; };
/* End PBXFileReference section */

/* Begin PBXFrameworksBuildPhase section */
		E2DBE3E32652A47F008A71EB /* Frameworks */ = {
			isa = PBXFrameworksBuildPhase;
			buildActionMask = 2147483647;
			files = (
			);
			runOnlyForDeploymentPostprocessing = 0;
		};
/* End PBXFrameworksBuildPhase section */

/* Begin PBXGroup section */
		E2DBE3DD2652A47F008A71EB = {
			isa = PBXGroup;
			children = (
				E2DBE3E82652A47F008A71EB /* MyWeight */,
				E2DBE3E72652A47F008A71EB /* Products */,
			);
			sourceTree = "<group>";
		};
		E2DBE3E72652A47F008A71EB /* Products */ = {
			isa = PBXGroup;
			children = (
				E2DBE3E62652A47F008A71EB /* MyWeight.app */,
			);
			name = Products;
			sourceTree = "<group>";
		};
		E2DBE3E82652A47F008A71EB /* MyWeight */ = {
			isa = PBXGroup;
			children = (
				E2DBE3E92652A47F008A71EB /* AppDelegate.swift */,
				E2DBE3EB2652A47F008A71EB /* SceneDelegate.swift */,
				E2DBE4122652AEA3008A71EB /* Helper.swift */,
				E2DBE3FD2652A60E008A71EB /* DishesViewController.swift */,
				E2DBE3ED2652A47F008A71EB /* ViewController.swift */,
				E2DBE4072652AC82008A71EB /* Form */,
				E2DBE4012652A7A2008A71EB /* User.swift */,
				E2DBE4032652A9AC008A71EB /* DataStore.swift */,
				E2DBE3EF2652A47F008A71EB /* Main.storyboard */,
				E2DBE3FF2652A666008A71EB /* ProfileViewController.swift */,
				E2DBE3F22652A483008A71EB /* Assets.xcassets */,
				E2DBE3F42652A483008A71EB /* LaunchScreen.storyboard */,
				E2DBE3F72652A483008A71EB /* Info.plist */,
			);
			path = MyWeight;
			sourceTree = "<group>";
		};
		E2DBE4072652AC82008A71EB /* Form */ = {
			isa = PBXGroup;
			children = (
				E2DBE4052652AB1A008A71EB /* UserFormViewController.swift */,
				E2DBE40A2652ACAB008A71EB /* FormCell.swift */,
				E2DBE40E2652AD3F008A71EB /* FormTwoCell.swift */,
				E2DBE40F2652AD3F008A71EB /* FormTwoCell.xib */,
				E2DBE40B2652ACAB008A71EB /* FormCell.xib */,
			);
			path = Form;
			sourceTree = "<group>";
		};
/* End PBXGroup section */

/* Begin PBXNativeTarget section */
		E2DBE3E52652A47F008A71EB /* MyWeight */ = {
			isa = PBXNativeTarget;
			buildConfigurationList = E2DBE3FA2652A483008A71EB /* Build configuration list for PBXNativeTarget "MyWeight" */;
			buildPhases = (
				E2DBE3E22652A47F008A71EB /* Sources */,
				E2DBE3E32652A47F008A71EB /* Frameworks */,
				E2DBE3E42652A47F008A71EB /* Resources */,
			);
			buildRules = (
			);
			dependencies = (
			);
			name = MyWeight;
			productName = MyWeight;
			productReference = E2DBE3E62652A47F008A71EB /* MyWeight.app */;
			productType = "com.apple.product-type.application";
		};
/* End PBXNativeTarget section */

/* Begin PBXProject section */
		E2DBE3DE2652A47F008A71EB /* Project object */ = {
			isa = PBXProject;
			attributes = {
				LastSwiftUpdateCheck = 1250;
				LastUpgradeCheck = 1250;
				TargetAttributes = {
					E2DBE3E52652A47F008A71EB = {
						CreatedOnToolsVersion = 12.5;
					};
				};
			};
			buildConfigurationList = E2DBE3E12652A47F008A71EB /* Build configuration list for PBXProject "MyWeight" */;
			compatibilityVersion = "Xcode 9.3";
			developmentRegion = en;
			hasScannedForEncodings = 0;
			knownRegions = (
				en,
				Base,
			);
			mainGroup = E2DBE3DD2652A47F008A71EB;
			productRefGroup = E2DBE3E72652A47F008A71EB /* Products */;
			projectDirPath = "";
			projectRoot = "";
			targets = (
				E2DBE3E52652A47F008A71EB /* MyWeight */,
			);
		};
/* End PBXProject section */

/* Begin PBXResourcesBuildPhase section */
		E2DBE3E42652A47F008A71EB /* Resources */ = {
			isa = PBXResourcesBuildPhase;
			buildActionMask = 2147483647;
			files = (
				E2DBE3F62652A483008A71EB /* LaunchScreen.storyboard in Resources */,
				E2DBE40D2652ACAB008A71EB /* FormCell.xib in Resources */,
				E2DBE4112652AD40008A71EB /* FormTwoCell.xib in Resources */,
				E2DBE3F32652A483008A71EB /* Assets.xcassets in Resources */,
				E2DBE3F12652A47F008A71EB /* Main.storyboard in Resources */,
			);
			runOnlyForDeploymentPostprocessing = 0;
		};
/* End PBXResourcesBuildPhase section */

/* Begin PBXSourcesBuildPhase section */
		E2DBE3E22652A47F008A71EB /* Sources */ = {
			isa = PBXSourcesBuildPhase;
			buildActionMask = 2147483647;
			files = (
				E2DBE4132652AEA3008A71EB /* Helper.swift in Sources */,
				E2DBE4042652A9AC008A71EB /* DataStore.swift in Sources */,
				E2DBE4062652AB1A008A71EB /* UserFormViewController.swift in Sources */,
				E2DBE3FE2652A60E008A71EB /* DishesViewController.swift in Sources */,
				E2DBE3EE2652A47F008A71EB /* ViewController.swift in Sources */,
				E2DBE4102652AD3F008A71EB /* FormTwoCell.swift in Sources */,
				E2DBE40C2652ACAB008A71EB /* FormCell.swift in Sources */,
				E2DBE4022652A7A2008A71EB /* User.swift in Sources */,
				E2DBE4002652A666008A71EB /* ProfileViewController.swift in Sources */,
				E2DBE3EA2652A47F008A71EB /* AppDelegate.swift in Sources */,
				E2DBE3EC2652A47F008A71EB /* SceneDelegate.swift in Sources */,
			);
			runOnlyForDeploymentPostprocessing = 0;
		};
/* End PBXSourcesBuildPhase section */

/* Begin PBXVariantGroup section */
		E2DBE3EF2652A47F008A71EB /* Main.storyboard */ = {
			isa = PBXVariantGroup;
			children = (
				E2DBE3F02652A47F008A71EB /* Base */,
			);
			name = Main.storyboard;
			sourceTree = "<group>";
		};
		E2DBE3F42652A483008A71EB /* LaunchScreen.storyboard */ = {
			isa = PBXVariantGroup;
			children = (
				E2DBE3F52652A483008A71EB /* Base */,
			);
			name = LaunchScreen.storyboard;
			sourceTree = "<group>";
		};
/* End PBXVariantGroup section */

/* Begin XCBuildConfiguration section */
		E2DBE3F82652A483008A71EB /* Debug */ = {
			isa = XCBuildConfiguration;
			buildSettings = {
				ALWAYS_SEARCH_USER_PATHS = NO;
				CLANG_ANALYZER_NONNULL = YES;
				CLANG_ANALYZER_NUMBER_OBJECT_CONVERSION = YES_AGGRESSIVE;
				CLANG_CXX_LANGUAGE_STANDARD = "gnu++14";
				CLANG_CXX_LIBRARY = "libc++";
				CLANG_ENABLE_MODULES = YES;
				CLANG_ENABLE_OBJC_ARC = YES;
				CLANG_ENABLE_OBJC_WEAK = YES;
				CLANG_WARN_BLOCK_CAPTURE_AUTORELEASING = YES;
				CLANG_WARN_BOOL_CONVERSION = YES;
				CLANG_WARN_COMMA = YES;
				CLANG_WARN_CONSTANT_CONVERSION = YES;
				CLANG_WARN_DEPRECATED_OBJC_IMPLEMENTATIONS = YES;
				CLANG_WARN_DIRECT_OBJC_ISA_USAGE = YES_ERROR;
				CLANG_WARN_DOCUMENTATION_COMMENTS = YES;
				CLANG_WARN_EMPTY_BODY = YES;
				CLANG_WARN_ENUM_CONVERSION = YES;
				CLANG_WARN_INFINITE_RECURSION = YES;
				CLANG_WARN_INT_CONVERSION = YES;
				CLANG_WARN_NON_LITERAL_NULL_CONVERSION = YES;
				CLANG_WARN_OBJC_IMPLICIT_RETAIN_SELF = YES;
				CLANG_WARN_OBJC_LITERAL_CONVERSION = YES;
				CLANG_WARN_OBJC_ROOT_CLASS = YES_ERROR;
				CLANG_WARN_QUOTED_INCLUDE_IN_FRAMEWORK_HEADER = YES;
				CLANG_WARN_RANGE_LOOP_ANALYSIS = YES;
				CLANG_WARN_STRICT_PROTOTYPES = YES;
				CLANG_WARN_SUSPICIOUS_MOVE = YES;
				CLANG_WARN_UNGUARDED_AVAILABILITY = YES_AGGRESSIVE;
				CLANG_WARN_UNREACHABLE_CODE = YES;
				CLANG_WARN__DUPLICATE_METHOD_MATCH = YES;
				COPY_PHASE_STRIP = NO;
				DEBUG_INFORMATION_FORMAT = dwarf;
				ENABLE_STRICT_OBJC_MSGSEND = YES;
				ENABLE_TESTABILITY = YES;
				GCC_C_LANGUAGE_STANDARD = gnu11;
				GCC_DYNAMIC_NO_PIC = NO;
				GCC_NO_COMMON_BLOCKS = YES;
				GCC_OPTIMIZATION_LEVEL = 0;
				GCC_PREPROCESSOR_DEFINITIONS = (
					"DEBUG=1",
					"$(inherited)",
				);
				GCC_WARN_64_TO_32_BIT_CONVERSION = YES;
				GCC_WARN_ABOUT_RETURN_TYPE = YES_ERROR;
				GCC_WARN_UNDECLARED_SELECTOR = YES;
				GCC_WARN_UNINITIALIZED_AUTOS = YES_AGGRESSIVE;
				GCC_WARN_UNUSED_FUNCTION = YES;
				GCC_WARN_UNUSED_VARIABLE = YES;
				IPHONEOS_DEPLOYMENT_TARGET = 14.5;
				MTL_ENABLE_DEBUG_INFO = INCLUDE_SOURCE;
				MTL_FAST_MATH = YES;
				ONLY_ACTIVE_ARCH = YES;
				SDKROOT = iphoneos;
				SWIFT_ACTIVE_COMPILATION_CONDITIONS = DEBUG;
				SWIFT_OPTIMIZATION_LEVEL = "-Onone";
			};
			name = Debug;
		};
		E2DBE3F92652A483008A71EB /* Release */ = {
			isa = XCBuildConfiguration;
			buildSettings = {
				ALWAYS_SEARCH_USER_PATHS = NO;
				CLANG_ANALYZER_NONNULL = YES;
				CLANG_ANALYZER_NUMBER_OBJECT_CONVERSION = YES_AGGRESSIVE;
				CLANG_CXX_LANGUAGE_STANDARD = "gnu++14";
				CLANG_CXX_LIBRARY = "libc++";
				CLANG_ENABLE_MODULES = YES;
				CLANG_ENABLE_OBJC_ARC = YES;
				CLANG_ENABLE_OBJC_WEAK = YES;
				CLANG_WARN_BLOCK_CAPTURE_AUTORELEASING = YES;
				CLANG_WARN_BOOL_CONVERSION = YES;
				CLANG_WARN_COMMA = YES;
				CLANG_WARN_CONSTANT_CONVERSION = YES;
				CLANG_WARN_DEPRECATED_OBJC_IMPLEMENTATIONS = YES;
				CLANG_WARN_DIRECT_OBJC_ISA_USAGE = YES_ERROR;
				CLANG_WARN_DOCUMENTATION_COMMENTS = YES;
				CLANG_WARN_EMPTY_BODY = YES;
				CLANG_WARN_ENUM_CONVERSION = YES;
				CLANG_WARN_INFINITE_RECURSION = YES;
				CLANG_WARN_INT_CONVERSION = YES;
				CLANG_WARN_NON_LITERAL_NULL_CONVERSION = YES;
				CLANG_WARN_OBJC_IMPLICIT_RETAIN_SELF = YES;
				CLANG_WARN_OBJC_LITERAL_CONVERSION = YES;
				CLANG_WARN_OBJC_ROOT_CLASS = YES_ERROR;
				CLANG_WARN_QUOTED_INCLUDE_IN_FRAMEWORK_HEADER = YES;
				CLANG_WARN_RANGE_LOOP_ANALYSIS = YES;
				CLANG_WARN_STRICT_PROTOTYPES = YES;
				CLANG_WARN_SUSPICIOUS_MOVE = YES;
				CLANG_WARN_UNGUARDED_AVAILABILITY = YES_AGGRESSIVE;
				CLANG_WARN_UNREACHABLE_CODE = YES;
				CLANG_WARN__DUPLICATE_METHOD_MATCH = YES;
				COPY_PHASE_STRIP = NO;
				DEBUG_INFORMATION_FORMAT = "dwarf-with-dsym";
				ENABLE_NS_ASSERTIONS = NO;
				ENABLE_STRICT_OBJC_MSGSEND = YES;
				GCC_C_LANGUAGE_STANDARD = gnu11;
				GCC_NO_COMMON_BLOCKS = YES;
				GCC_WARN_64_TO_32_BIT_CONVERSION = YES;
				GCC_WARN_ABOUT_RETURN_TYPE = YES_ERROR;
				GCC_WARN_UNDECLARED_SELECTOR = YES;
				GCC_WARN_UNINITIALIZED_AUTOS = YES_AGGRESSIVE;
				GCC_WARN_UNUSED_FUNCTION = YES;
				GCC_WARN_UNUSED_VARIABLE = YES;
				IPHONEOS_DEPLOYMENT_TARGET = 14.5;
				MTL_ENABLE_DEBUG_INFO = NO;
				MTL_FAST_MATH = YES;
				SDKROOT = iphoneos;
				SWIFT_COMPILATION_MODE = wholemodule;
				SWIFT_OPTIMIZATION_LEVEL = "-O";
				VALIDATE_PRODUCT = YES;
			};
			name = Release;
		};
		E2DBE3FB2652A483008A71EB /* Debug */ = {
			isa = XCBuildConfiguration;
			buildSettings = {
				ASSETCATALOG_COMPILER_APPICON_NAME = AppIcon;
				ASSETCATALOG_COMPILER_GLOBAL_ACCENT_COLOR_NAME = AccentColor;
				CODE_SIGN_STYLE = Automatic;
				DEVELOPMENT_TEAM = 7D3Z5CX5PT;
				INFOPLIST_FILE = MyWeight/Info.plist;
				LD_RUNPATH_SEARCH_PATHS = (
					"$(inherited)",
					"@executable_path/Frameworks",
				);
				PRODUCT_BUNDLE_IDENTIFIER = ast.MyWeight;
				PRODUCT_NAME = "$(TARGET_NAME)";
				SWIFT_VERSION = 5.0;
				TARGETED_DEVICE_FAMILY = "1,2";
			};
			name = Debug;
		};
		E2DBE3FC2652A483008A71EB /* Release */ = {
			isa = XCBuildConfiguration;
			buildSettings = {
				ASSETCATALOG_COMPILER_APPICON_NAME = AppIcon;
				ASSETCATALOG_COMPILER_GLOBAL_ACCENT_COLOR_NAME = AccentColor;
				CODE_SIGN_STYLE = Automatic;
				DEVELOPMENT_TEAM = 7D3Z5CX5PT;
				INFOPLIST_FILE = MyWeight/Info.plist;
				LD_RUNPATH_SEARCH_PATHS = (
					"$(inherited)",
					"@executable_path/Frameworks",
				);
				PRODUCT_BUNDLE_IDENTIFIER = ast.MyWeight;
				PRODUCT_NAME = "$(TARGET_NAME)";
				SWIFT_VERSION = 5.0;
				TARGETED_DEVICE_FAMILY = "1,2";
			};
			name = Release;
		};
/* End XCBuildConfiguration section */

/* Begin XCConfigurationList section */
		E2DBE3E12652A47F008A71EB /* Build configuration list for PBXProject "MyWeight" */ = {
			isa = XCConfigurationList;
			buildConfigurations = (
				E2DBE3F82652A483008A71EB /* Debug */,
				E2DBE3F92652A483008A71EB /* Release */,
			);
			defaultConfigurationIsVisible = 0;
			defaultConfigurationName = Release;
		};
		E2DBE3FA2652A483008A71EB /* Build configuration list for PBXNativeTarget "MyWeight" */ = {
			isa = XCConfigurationList;
			buildConfigurations = (
				E2DBE3FB2652A483008A71EB /* Debug */,
				E2DBE3FC2652A483008A71EB /* Release */,
			);
			defaultConfigurationIsVisible = 0;
			defaultConfigurationName = Release;
		};
/* End XCConfigurationList section */
	};
	rootObject = E2DBE3DE2652A47F008A71EB /* Project object */;
}
